
Microsoft Visual Studio Solution File, Format Version 12.00
Project("{FAE04EC0-301F-11D3-BF4B-00C04F79EFBC}") = "CarBiddingPlatform.Domain", "src\CarBiddingPlatform.Domain\CarBiddingPlatform.Domain.csproj", "{9F9B6B9C-8D38-4448-AC49-EAAE12057BAE}"
EndProject
Project("{FAE04EC0-301F-11D3-BF4B-00C04F79EFBC}") = "CarBiddingPlatform.Infrastructure", "src\CarBiddingPlatform.Infrastructure\CarBiddingPlatform.Infrastructure.csproj", "{9EF1F57F-0FC1-4F27-AE55-A22A4A0E86A0}"
EndProject
Project("{FAE04EC0-301F-11D3-BF4B-00C04F79EFBC}") = "CarBiddingPlatform.Application", "src\CarBiddingPlatform.Application\CarBiddingPlatform.Application.csproj", "{2D0F5CE8-FD17-43A5-A261-D75287532F14}"
EndProject
Project("{FAE04EC0-301F-11D3-BF4B-00C04F79EFBC}") = "CarBiddingPlatform.WebAPI", "CarBiddingPlatform.WebAPI\CarBiddingPlatform.WebAPI.csproj", "{8E5DE0EB-8454-4E9D-823B-F53BB729D742}"
EndProject
Global
	GlobalSection(SolutionConfigurationPlatforms) = preSolution
		Debug|Any CPU = Debug|Any CPU
		Release|Any CPU = Release|Any CPU
	EndGlobalSection
	GlobalSection(ProjectConfigurationPlatforms) = postSolution
		{9F9B6B9C-8D38-4448-AC49-EAAE12057BAE}.Debug|Any CPU.ActiveCfg = Debug|Any CPU
		{9F9B6B9C-8D38-4448-AC49-EAAE12057BAE}.Debug|Any CPU.Build.0 = Debug|Any CPU
		{9F9B6B9C-8D38-4448-AC49-EAAE12057BAE}.Release|Any CPU.ActiveCfg = Release|Any CPU
		{9F9B6B9C-8D38-4448-AC49-EAAE12057BAE}.Release|Any CPU.Build.0 = Release|Any CPU
		{9EF1F57F-0FC1-4F27-AE55-A22A4A0E86A0}.Debug|Any CPU.ActiveCfg = Debug|Any CPU
		{9EF1F57F-0FC1-4F27-AE55-A22A4A0E86A0}.Debug|Any CPU.Build.0 = Debug|Any CPU
		{9EF1F57F-0FC1-4F27-AE55-A22A4A0E86A0}.Release|Any CPU.ActiveCfg = Release|Any CPU
		{9EF1F57F-0FC1-4F27-AE55-A22A4A0E86A0}.Release|Any CPU.Build.0 = Release|Any CPU
		{2D0F5CE8-FD17-43A5-A261-D75287532F14}.Debug|Any CPU.ActiveCfg = Debug|Any CPU
		{2D0F5CE8-FD17-43A5-A261-D75287532F14}.Debug|Any CPU.Build.0 = Debug|Any CPU
		{2D0F5CE8-FD17-43A5-A261-D75287532F14}.Release|Any CPU.ActiveCfg = Release|Any CPU
		{2D0F5CE8-FD17-43A5-A261-D75287532F14}.Release|Any CPU.Build.0 = Release|Any CPU
		{8E5DE0EB-8454-4E9D-823B-F53BB729D742}.Debug|Any CPU.ActiveCfg = Debug|Any CPU
		{8E5DE0EB-8454-4E9D-823B-F53BB729D742}.Debug|Any CPU.Build.0 = Debug|Any CPU
		{8E5DE0EB-8454-4E9D-823B-F53BB729D742}.Release|Any CPU.ActiveCfg = Release|Any CPU
		{8E5DE0EB-8454-4E9D-823B-F53BB729D742}.Release|Any CPU.Build.0 = Release|Any CPU
	EndGlobalSection
EndGlobal
